
Microsoft Visual Studio Solution File, Format Version 12.00
# Visual Studio Version 17
VisualStudioVersion = 17.0.32002.185
MinimumVisualStudioVersion = 10.0.40219.1
Project("{9A19103F-16F7-4668-BE54-9A1E7A4F7556}") = "DotNet5", "DotNet5\DotNet5.csproj", "{F9D183CB-0DC1-44B9-A36C-4DBFE4CAC3EE}"
EndProject
Project("{9A19103F-16F7-4668-BE54-9A1E7A4F7556}") = "RelationManyToMany", "RelationManyToMany\RelationManyToMany.csproj", "{FC0165AF-D5D9-4A93-A639-22748313544B}"
EndProject
Project("{2150E333-8FDC-42A3-9474-1A3956D46DE8}") = "Solution Items", "Solution Items", "{43C2E9FE-B9FB-45F7-9B92-C6BA1F7D19AA}"
	ProjectSection(SolutionItems) = preProject
		TextFile1.txt = TextFile1.txt
	EndProjectSection
EndProject
Project("{9A19103F-16F7-4668-BE54-9A1E7A4F7556}") = "Store", "Store\Store.csproj", "{6D57CF73-D081-401F-8992-8FFC60582D23}"
EndProject
Project("{2150E333-8FDC-42A3-9474-1A3956D46DE8}") = "01-intro", "01-intro", "{78EF49AD-0347-4BC3-BDFD-F7124184F01A}"
EndProject
Project("{2150E333-8FDC-42A3-9474-1A3956D46DE8}") = "02-EF Model", "02-EF Model", "{B9915EB9-E37A-4219-9CF0-458A803171C3}"
EndProject
Project("{2150E333-8FDC-42A3-9474-1A3956D46DE8}") = "03-migration", "03-migration", "{8A91AA20-358D-479E-9B58-0B76633451AA}"
EndProject
Project("{9A19103F-16F7-4668-BE54-9A1E7A4F7556}") = "SampleMigration", "SampleMigration\SampleMigration.csproj", "{16B7525C-E876-47B0-BAED-00D7899B6D78}"
EndProject
Project("{9A19103F-16F7-4668-BE54-9A1E7A4F7556}") = "EFConfig", "EFConfig\EFConfig.csproj", "{D9EBC2FB-FC15-48E0-BB61-7EE9169C9578}"
EndProject
Project("{2150E333-8FDC-42A3-9474-1A3956D46DE8}") = "04-config EF", "04-config EF", "{2562DA11-88D9-4626-8D97-71F2018B2392}"
EndProject
Project("{2150E333-8FDC-42A3-9474-1A3956D46DE8}") = "05-middleware and Routing", "05-middleware and Routing", "{3009918A-1C5C-4951-BD23-4003CBF6FFBD}"
EndProject
Project("{9A19103F-16F7-4668-BE54-9A1E7A4F7556}") = "middleware", "middleware\middleware.csproj", "{B23221FB-D1FC-41A0-9AFC-D751F81E0FE9}"
EndProject
Project("{2150E333-8FDC-42A3-9474-1A3956D46DE8}") = "06-DI+StaticFiles+clientSide", "06-DI+StaticFiles+clientSide", "{92B267C7-B723-44C9-8132-FF42823BAFDE}"
EndProject
Project("{9A19103F-16F7-4668-BE54-9A1E7A4F7556}") = "DI", "DI\DI.csproj", "{20D9D103-25C9-4BB6-AD0F-AD8647378A0D}"
EndProject
Project("{9A19103F-16F7-4668-BE54-9A1E7A4F7556}") = "StaticFiles", "StaticFiles\StaticFiles.csproj", "{F86D76CD-46C8-4A7A-AA8C-6842FA00CD3D}"
EndProject
Project("{2150E333-8FDC-42A3-9474-1A3956D46DE8}") = "07-Enviroment+Logger", "07-Enviroment+Logger", "{0E7C2635-1291-4F66-917E-8C1AE4777546}"
EndProject
Project("{9A19103F-16F7-4668-BE54-9A1E7A4F7556}") = "01-EnviromentPro", "EnviromentPro\01-EnviromentPro.csproj", "{85EEA4D7-BCD0-4B9A-AAFF-016264E96447}"
EndProject
Project("{9A19103F-16F7-4668-BE54-9A1E7A4F7556}") = "02-Logger", "Logger\02-Logger.csproj", "{A6FD9CB5-7BC1-4B86-9D5F-D610E119C4DB}"
EndProject
Project("{9A19103F-16F7-4668-BE54-9A1E7A4F7556}") = "03-ElmahLogger", "ElmahLogger\03-ElmahLogger.csproj", "{0004BCB1-1505-4935-A6BB-5A63B6A29B26}"
EndProject
Project("{9A19103F-16F7-4668-BE54-9A1E7A4F7556}") = "04-NlogLogger", "NlogLogger\04-NlogLogger.csproj", "{6DE37AE7-6934-436E-88B6-2E09398A2FEB}"
EndProject
Project("{9A19103F-16F7-4668-BE54-9A1E7A4F7556}") = "05-SerilogLogger", "SerilogLogger\05-SerilogLogger.csproj", "{84938FBD-DDB7-48C6-8E5C-AA066295A47E}"
EndProject
Project("{2150E333-8FDC-42A3-9474-1A3956D46DE8}") = "08-StateManagment(cookie,session,cache)-Routing", "08-StateManagment(cookie,session,cache)-Routing", "{079CB369-F6BB-41DF-9267-07C7F8248DAB}"
EndProject
Project("{9A19103F-16F7-4668-BE54-9A1E7A4F7556}") = "01-CookiePro", "CookiePro\01-CookiePro.csproj", "{0B4EF742-1B65-49DA-9D6B-A677F39B2FF9}"
EndProject
Project("{9A19103F-16F7-4668-BE54-9A1E7A4F7556}") = "02-SessionInMemoy", "SessionInMemoy\02-SessionInMemoy.csproj", "{F9713AA9-2CEB-4A07-B3D4-DDC3AD1EEFF8}"
EndProject
Project("{9A19103F-16F7-4668-BE54-9A1E7A4F7556}") = "03-SessionDistributedPro", "DistributedCachePro\03-SessionDistributedPro.csproj", "{0B7AD2B3-DCAC-4971-B920-43F3CFA7B599}"
EndProject
Project("{9A19103F-16F7-4668-BE54-9A1E7A4F7556}") = "04-CachePro", "CachePro\04-CachePro.csproj", "{5323A05B-3635-4908-9F5E-00806FAB5477}"
EndProject
Project("{2150E333-8FDC-42A3-9474-1A3956D46DE8}") = "11", "11", "{FBAB0F9A-2132-4B7B-BDCE-8B872B5E4987}"
EndProject
Project("{9A19103F-16F7-4668-BE54-9A1E7A4F7556}") = "01-ControllerViewPro", "ControllerViewPro\01-ControllerViewPro.csproj", "{1075E64F-74FE-4757-869D-9C44AECBDA89}"
EndProject
Project("{9A19103F-16F7-4668-BE54-9A1E7A4F7556}") = "TempDataViewBagPro", "TempDataViewBagPro\TempDataViewBagPro.csproj", "{595B7387-ECE7-4E01-89A4-BD20906E5EBE}"
EndProject
Project("{2150E333-8FDC-42A3-9474-1A3956D46DE8}") = "09-Api", "09-Api", "{C5CFFB39-C77B-4EC4-88F0-071C9D9C9A67}"
EndProject
Project("{2150E333-8FDC-42A3-9474-1A3956D46DE8}") = "10-Unit Test", "10-Unit Test", "{8E89E1F2-A3BB-4C1A-853B-64540ED65F9A}"
EndProject
Project("{2150E333-8FDC-42A3-9474-1A3956D46DE8}") = "12-14  Blazor", "12-14  Blazor", "{444A08AA-9F96-47CC-AE45-E48ACCDC897B}"
EndProject
Project("{2150E333-8FDC-42A3-9474-1A3956D46DE8}") = "9999-Extra", "9999-Extra", "{E08E084D-4721-479A-8F0C-1E4C7885205B}"
EndProject
Project("{2150E333-8FDC-42A3-9474-1A3956D46DE8}") = "01-AutoMapper", "01-AutoMapper", "{1207F291-953B-429C-B702-D6E922994D74}"
EndProject
Project("{2150E333-8FDC-42A3-9474-1A3956D46DE8}") = "02-FluentValidation", "02-FluentValidation", "{46E058A4-E161-43C4-A398-A8AAF40F3C57}"
	ProjectSection(SolutionItems) = preProject
		TextFile2.txt = TextFile2.txt
	EndProjectSection
EndProject
Project("{2150E333-8FDC-42A3-9474-1A3956D46DE8}") = "03-Resource", "03-Resource", "{64606111-5EA9-411C-A4B6-4C13B9BFB938}"
EndProject
Project("{2150E333-8FDC-42A3-9474-1A3956D46DE8}") = "04-Cors", "04-Cors", "{6B3F0F56-CBC3-4A4C-A6CB-9AA847100D5C}"
EndProject
Project("{2150E333-8FDC-42A3-9474-1A3956D46DE8}") = "06-Async", "06-Async", "{19B983CA-CB62-460E-8183-0CFCB583A01B}"
EndProject
Project("{2150E333-8FDC-42A3-9474-1A3956D46DE8}") = "07-JWT", "07-JWT", "{8F4F4683-4FCA-427E-8F74-694364F99CC9}"
EndProject
Project("{2150E333-8FDC-42A3-9474-1A3956D46DE8}") = "08-Pluralizig", "08-Pluralizig", "{43C188B1-BEF1-4199-AF99-0783A6A1C611}"
EndProject
Project("{2150E333-8FDC-42A3-9474-1A3956D46DE8}") = "09-Repository", "09-Repository", "{5CCF7080-98E5-472E-A1FD-EE94FBEA0753}"
EndProject
Project("{2150E333-8FDC-42A3-9474-1A3956D46DE8}") = "10-Identity", "10-Identity", "{E5C2A37A-1BC4-40F7-8C0E-0F48C3E80203}"
EndProject
Project("{2150E333-8FDC-42A3-9474-1A3956D46DE8}") = "Extra -AutoFact", "Extra -AutoFact", "{96509DEC-8775-4C63-8718-2FE731409590}"
EndProject
Project("{2150E333-8FDC-42A3-9474-1A3956D46DE8}") = "03-Fluent Result", "03-Fluent Result", "{66E6AE1F-1B58-4472-91FB-937D1431F812}"
EndProject
Project("{FAE04EC0-301F-11D3-BF4B-00C04F79EFBC}") = "AutomapperSample", "AutomapperSample\AutomapperSample.csproj", "{2B288065-CD2E-49E0-9A05-87BA3BA54FE2}"
EndProject
Project("{FAE04EC0-301F-11D3-BF4B-00C04F79EFBC}") = "FluentResultPro1", "FluentResultPro1\FluentResultPro1.csproj", "{6EDA2EDD-9AF5-42FA-B3A6-05E0FA5959B6}"
EndProject
Project("{FAE04EC0-301F-11D3-BF4B-00C04F79EFBC}") = "FluentValidationPro", "FluentValidationPro\FluentValidationPro.csproj", "{8CDD7258-FBDA-46E4-B780-8B630EFD168B}"
EndProject
Project("{FAE04EC0-301F-11D3-BF4B-00C04F79EFBC}") = "01-Route", "01-Route\01-Route.csproj", "{A126B447-76B6-4F23-8D58-E1E63C5D4894}"
EndProject
Project("{FAE04EC0-301F-11D3-BF4B-00C04F79EFBC}") = "02-Route", "02-Route\02-Route.csproj", "{B45BD105-F2C7-4E4D-A858-8DA5B37C1B8E}"
EndProject
Project("{FAE04EC0-301F-11D3-BF4B-00C04F79EFBC}") = "03_Route_Segment", "03_Route_Segment\03_Route_Segment.csproj", "{A919C521-5FB3-4801-AF2B-CBD3BBBD686E}"
EndProject
Project("{FAE04EC0-301F-11D3-BF4B-00C04F79EFBC}") = "04_Route_LinkGenerate", "04_Route_LinkGenerate\04_Route_LinkGenerate.csproj", "{4E99123C-19D8-4E04-9272-993449E52F42}"
EndProject
Global
	GlobalSection(SolutionConfigurationPlatforms) = preSolution
		Debug|Any CPU = Debug|Any CPU
		Release|Any CPU = Release|Any CPU
	EndGlobalSection
	GlobalSection(ProjectConfigurationPlatforms) = postSolution
		{F9D183CB-0DC1-44B9-A36C-4DBFE4CAC3EE}.Debug|Any CPU.ActiveCfg = Debug|Any CPU
		{F9D183CB-0DC1-44B9-A36C-4DBFE4CAC3EE}.Debug|Any CPU.Build.0 = Debug|Any CPU
		{F9D183CB-0DC1-44B9-A36C-4DBFE4CAC3EE}.Release|Any CPU.ActiveCfg = Release|Any CPU
		{F9D183CB-0DC1-44B9-A36C-4DBFE4CAC3EE}.Release|Any CPU.Build.0 = Release|Any CPU
		{FC0165AF-D5D9-4A93-A639-22748313544B}.Debug|Any CPU.ActiveCfg = Debug|Any CPU
		{FC0165AF-D5D9-4A93-A639-22748313544B}.Debug|Any CPU.Build.0 = Debug|Any CPU
		{FC0165AF-D5D9-4A93-A639-22748313544B}.Release|Any CPU.ActiveCfg = Release|Any CPU
		{FC0165AF-D5D9-4A93-A639-22748313544B}.Release|Any CPU.Build.0 = Release|Any CPU
		{6D57CF73-D081-401F-8992-8FFC60582D23}.Debug|Any CPU.ActiveCfg = Debug|Any CPU
		{6D57CF73-D081-401F-8992-8FFC60582D23}.Debug|Any CPU.Build.0 = Debug|Any CPU
		{6D57CF73-D081-401F-8992-8FFC60582D23}.Release|Any CPU.ActiveCfg = Release|Any CPU
		{6D57CF73-D081-401F-8992-8FFC60582D23}.Release|Any CPU.Build.0 = Release|Any CPU
		{16B7525C-E876-47B0-BAED-00D7899B6D78}.Debug|Any CPU.ActiveCfg = Debug|Any CPU
		{16B7525C-E876-47B0-BAED-00D7899B6D78}.Debug|Any CPU.Build.0 = Debug|Any CPU
		{16B7525C-E876-47B0-BAED-00D7899B6D78}.Release|Any CPU.ActiveCfg = Release|Any CPU
		{16B7525C-E876-47B0-BAED-00D7899B6D78}.Release|Any CPU.Build.0 = Release|Any CPU
		{D9EBC2FB-FC15-48E0-BB61-7EE9169C9578}.Debug|Any CPU.ActiveCfg = Debug|Any CPU
		{D9EBC2FB-FC15-48E0-BB61-7EE9169C9578}.Debug|Any CPU.Build.0 = Debug|Any CPU
		{D9EBC2FB-FC15-48E0-BB61-7EE9169C9578}.Release|Any CPU.ActiveCfg = Release|Any CPU
		{D9EBC2FB-FC15-48E0-BB61-7EE9169C9578}.Release|Any CPU.Build.0 = Release|Any CPU
		{B23221FB-D1FC-41A0-9AFC-D751F81E0FE9}.Debug|Any CPU.ActiveCfg = Debug|Any CPU
		{B23221FB-D1FC-41A0-9AFC-D751F81E0FE9}.Debug|Any CPU.Build.0 = Debug|Any CPU
		{B23221FB-D1FC-41A0-9AFC-D751F81E0FE9}.Release|Any CPU.ActiveCfg = Release|Any CPU
		{B23221FB-D1FC-41A0-9AFC-D751F81E0FE9}.Release|Any CPU.Build.0 = Release|Any CPU
		{20D9D103-25C9-4BB6-AD0F-AD8647378A0D}.Debug|Any CPU.ActiveCfg = Debug|Any CPU
		{20D9D103-25C9-4BB6-AD0F-AD8647378A0D}.Debug|Any CPU.Build.0 = Debug|Any CPU
		{20D9D103-25C9-4BB6-AD0F-AD8647378A0D}.Release|Any CPU.ActiveCfg = Release|Any CPU
		{20D9D103-25C9-4BB6-AD0F-AD8647378A0D}.Release|Any CPU.Build.0 = Release|Any CPU
		{F86D76CD-46C8-4A7A-AA8C-6842FA00CD3D}.Debug|Any CPU.ActiveCfg = Debug|Any CPU
		{F86D76CD-46C8-4A7A-AA8C-6842FA00CD3D}.Debug|Any CPU.Build.0 = Debug|Any CPU
		{F86D76CD-46C8-4A7A-AA8C-6842FA00CD3D}.Release|Any CPU.ActiveCfg = Release|Any CPU
		{F86D76CD-46C8-4A7A-AA8C-6842FA00CD3D}.Release|Any CPU.Build.0 = Release|Any CPU
		{85EEA4D7-BCD0-4B9A-AAFF-016264E96447}.Debug|Any CPU.ActiveCfg = Debug|Any CPU
		{85EEA4D7-BCD0-4B9A-AAFF-016264E96447}.Debug|Any CPU.Build.0 = Debug|Any CPU
		{85EEA4D7-BCD0-4B9A-AAFF-016264E96447}.Release|Any CPU.ActiveCfg = Release|Any CPU
		{85EEA4D7-BCD0-4B9A-AAFF-016264E96447}.Release|Any CPU.Build.0 = Release|Any CPU
		{A6FD9CB5-7BC1-4B86-9D5F-D610E119C4DB}.Debug|Any CPU.ActiveCfg = Debug|Any CPU
		{A6FD9CB5-7BC1-4B86-9D5F-D610E119C4DB}.Debug|Any CPU.Build.0 = Debug|Any CPU
		{A6FD9CB5-7BC1-4B86-9D5F-D610E119C4DB}.Release|Any CPU.ActiveCfg = Release|Any CPU
		{A6FD9CB5-7BC1-4B86-9D5F-D610E119C4DB}.Release|Any CPU.Build.0 = Release|Any CPU
		{0004BCB1-1505-4935-A6BB-5A63B6A29B26}.Debug|Any CPU.ActiveCfg = Debug|Any CPU
		{0004BCB1-1505-4935-A6BB-5A63B6A29B26}.Debug|Any CPU.Build.0 = Debug|Any CPU
		{0004BCB1-1505-4935-A6BB-5A63B6A29B26}.Release|Any CPU.ActiveCfg = Release|Any CPU
		{0004BCB1-1505-4935-A6BB-5A63B6A29B26}.Release|Any CPU.Build.0 = Release|Any CPU
		{6DE37AE7-6934-436E-88B6-2E09398A2FEB}.Debug|Any CPU.ActiveCfg = Debug|Any CPU
		{6DE37AE7-6934-436E-88B6-2E09398A2FEB}.Debug|Any CPU.Build.0 = Debug|Any CPU
		{6DE37AE7-6934-436E-88B6-2E09398A2FEB}.Release|Any CPU.ActiveCfg = Release|Any CPU
		{6DE37AE7-6934-436E-88B6-2E09398A2FEB}.Release|Any CPU.Build.0 = Release|Any CPU
		{84938FBD-DDB7-48C6-8E5C-AA066295A47E}.Debug|Any CPU.ActiveCfg = Debug|Any CPU
		{84938FBD-DDB7-48C6-8E5C-AA066295A47E}.Debug|Any CPU.Build.0 = Debug|Any CPU
		{84938FBD-DDB7-48C6-8E5C-AA066295A47E}.Release|Any CPU.ActiveCfg = Release|Any CPU
		{84938FBD-DDB7-48C6-8E5C-AA066295A47E}.Release|Any CPU.Build.0 = Release|Any CPU
		{0B4EF742-1B65-49DA-9D6B-A677F39B2FF9}.Debug|Any CPU.ActiveCfg = Debug|Any CPU
		{0B4EF742-1B65-49DA-9D6B-A677F39B2FF9}.Debug|Any CPU.Build.0 = Debug|Any CPU
		{0B4EF742-1B65-49DA-9D6B-A677F39B2FF9}.Release|Any CPU.ActiveCfg = Release|Any CPU
		{0B4EF742-1B65-49DA-9D6B-A677F39B2FF9}.Release|Any CPU.Build.0 = Release|Any CPU
		{F9713AA9-2CEB-4A07-B3D4-DDC3AD1EEFF8}.Debug|Any CPU.ActiveCfg = Debug|Any CPU
		{F9713AA9-2CEB-4A07-B3D4-DDC3AD1EEFF8}.Debug|Any CPU.Build.0 = Debug|Any CPU
		{F9713AA9-2CEB-4A07-B3D4-DDC3AD1EEFF8}.Release|Any CPU.ActiveCfg = Release|Any CPU
		{F9713AA9-2CEB-4A07-B3D4-DDC3AD1EEFF8}.Release|Any CPU.Build.0 = Release|Any CPU
		{0B7AD2B3-DCAC-4971-B920-43F3CFA7B599}.Debug|Any CPU.ActiveCfg = Debug|Any CPU
		{0B7AD2B3-DCAC-4971-B920-43F3CFA7B599}.Debug|Any CPU.Build.0 = Debug|Any CPU
		{0B7AD2B3-DCAC-4971-B920-43F3CFA7B599}.Release|Any CPU.ActiveCfg = Release|Any CPU
		{0B7AD2B3-DCAC-4971-B920-43F3CFA7B599}.Release|Any CPU.Build.0 = Release|Any CPU
		{5323A05B-3635-4908-9F5E-00806FAB5477}.Debug|Any CPU.ActiveCfg = Debug|Any CPU
		{5323A05B-3635-4908-9F5E-00806FAB5477}.Debug|Any CPU.Build.0 = Debug|Any CPU
		{5323A05B-3635-4908-9F5E-00806FAB5477}.Release|Any CPU.ActiveCfg = Release|Any CPU
		{5323A05B-3635-4908-9F5E-00806FAB5477}.Release|Any CPU.Build.0 = Release|Any CPU
		{1075E64F-74FE-4757-869D-9C44AECBDA89}.Debug|Any CPU.ActiveCfg = Debug|Any CPU
		{1075E64F-74FE-4757-869D-9C44AECBDA89}.Debug|Any CPU.Build.0 = Debug|Any CPU
		{1075E64F-74FE-4757-869D-9C44AECBDA89}.Release|Any CPU.ActiveCfg = Release|Any CPU
		{1075E64F-74FE-4757-869D-9C44AECBDA89}.Release|Any CPU.Build.0 = Release|Any CPU
		{595B7387-ECE7-4E01-89A4-BD20906E5EBE}.Debug|Any CPU.ActiveCfg = Debug|Any CPU
		{595B7387-ECE7-4E01-89A4-BD20906E5EBE}.Debug|Any CPU.Build.0 = Debug|Any CPU
		{595B7387-ECE7-4E01-89A4-BD20906E5EBE}.Release|Any CPU.ActiveCfg = Release|Any CPU
		{595B7387-ECE7-4E01-89A4-BD20906E5EBE}.Release|Any CPU.Build.0 = Release|Any CPU
		{2B288065-CD2E-49E0-9A05-87BA3BA54FE2}.Debug|Any CPU.ActiveCfg = Debug|Any CPU
		{2B288065-CD2E-49E0-9A05-87BA3BA54FE2}.Debug|Any CPU.Build.0 = Debug|Any CPU
		{2B288065-CD2E-49E0-9A05-87BA3BA54FE2}.Release|Any CPU.ActiveCfg = Release|Any CPU
		{2B288065-CD2E-49E0-9A05-87BA3BA54FE2}.Release|Any CPU.Build.0 = Release|Any CPU
		{6EDA2EDD-9AF5-42FA-B3A6-05E0FA5959B6}.Debug|Any CPU.ActiveCfg = Debug|Any CPU
		{6EDA2EDD-9AF5-42FA-B3A6-05E0FA5959B6}.Debug|Any CPU.Build.0 = Debug|Any CPU
		{6EDA2EDD-9AF5-42FA-B3A6-05E0FA5959B6}.Release|Any CPU.ActiveCfg = Release|Any CPU
		{6EDA2EDD-9AF5-42FA-B3A6-05E0FA5959B6}.Release|Any CPU.Build.0 = Release|Any CPU
		{8CDD7258-FBDA-46E4-B780-8B630EFD168B}.Debug|Any CPU.ActiveCfg = Debug|Any CPU
		{8CDD7258-FBDA-46E4-B780-8B630EFD168B}.Debug|Any CPU.Build.0 = Debug|Any CPU
		{8CDD7258-FBDA-46E4-B780-8B630EFD168B}.Release|Any CPU.ActiveCfg = Release|Any CPU
		{8CDD7258-FBDA-46E4-B780-8B630EFD168B}.Release|Any CPU.Build.0 = Release|Any CPU
		{A126B447-76B6-4F23-8D58-E1E63C5D4894}.Debug|Any CPU.ActiveCfg = Debug|Any CPU
		{A126B447-76B6-4F23-8D58-E1E63C5D4894}.Debug|Any CPU.Build.0 = Debug|Any CPU
		{A126B447-76B6-4F23-8D58-E1E63C5D4894}.Release|Any CPU.ActiveCfg = Release|Any CPU
		{A126B447-76B6-4F23-8D58-E1E63C5D4894}.Release|Any CPU.Build.0 = Release|Any CPU
		{B45BD105-F2C7-4E4D-A858-8DA5B37C1B8E}.Debug|Any CPU.ActiveCfg = Debug|Any CPU
		{B45BD105-F2C7-4E4D-A858-8DA5B37C1B8E}.Debug|Any CPU.Build.0 = Debug|Any CPU
		{B45BD105-F2C7-4E4D-A858-8DA5B37C1B8E}.Release|Any CPU.ActiveCfg = Release|Any CPU
		{B45BD105-F2C7-4E4D-A858-8DA5B37C1B8E}.Release|Any CPU.Build.0 = Release|Any CPU
		{A919C521-5FB3-4801-AF2B-CBD3BBBD686E}.Debug|Any CPU.ActiveCfg = Debug|Any CPU
		{A919C521-5FB3-4801-AF2B-CBD3BBBD686E}.Debug|Any CPU.Build.0 = Debug|Any CPU
		{A919C521-5FB3-4801-AF2B-CBD3BBBD686E}.Release|Any CPU.ActiveCfg = Release|Any CPU
		{A919C521-5FB3-4801-AF2B-CBD3BBBD686E}.Release|Any CPU.Build.0 = Release|Any CPU
		{4E99123C-19D8-4E04-9272-993449E52F42}.Debug|Any CPU.ActiveCfg = Debug|Any CPU
		{4E99123C-19D8-4E04-9272-993449E52F42}.Debug|Any CPU.Build.0 = Debug|Any CPU
		{4E99123C-19D8-4E04-9272-993449E52F42}.Release|Any CPU.ActiveCfg = Release|Any CPU
		{4E99123C-19D8-4E04-9272-993449E52F42}.Release|Any CPU.Build.0 = Release|Any CPU
	EndGlobalSection
	GlobalSection(SolutionProperties) = preSolution
		HideSolutionNode = FALSE
	EndGlobalSection
	GlobalSection(NestedProjects) = preSolution
		{FC0165AF-D5D9-4A93-A639-22748313544B} = {78EF49AD-0347-4BC3-BDFD-F7124184F01A}
		{6D57CF73-D081-401F-8992-8FFC60582D23} = {B9915EB9-E37A-4219-9CF0-458A803171C3}
		{16B7525C-E876-47B0-BAED-00D7899B6D78} = {8A91AA20-358D-479E-9B58-0B76633451AA}
		{D9EBC2FB-FC15-48E0-BB61-7EE9169C9578} = {2562DA11-88D9-4626-8D97-71F2018B2392}
		{B23221FB-D1FC-41A0-9AFC-D751F81E0FE9} = {3009918A-1C5C-4951-BD23-4003CBF6FFBD}
		{20D9D103-25C9-4BB6-AD0F-AD8647378A0D} = {92B267C7-B723-44C9-8132-FF42823BAFDE}
		{F86D76CD-46C8-4A7A-AA8C-6842FA00CD3D} = {92B267C7-B723-44C9-8132-FF42823BAFDE}
		{85EEA4D7-BCD0-4B9A-AAFF-016264E96447} = {0E7C2635-1291-4F66-917E-8C1AE4777546}
		{A6FD9CB5-7BC1-4B86-9D5F-D610E119C4DB} = {0E7C2635-1291-4F66-917E-8C1AE4777546}
		{0004BCB1-1505-4935-A6BB-5A63B6A29B26} = {0E7C2635-1291-4F66-917E-8C1AE4777546}
		{6DE37AE7-6934-436E-88B6-2E09398A2FEB} = {0E7C2635-1291-4F66-917E-8C1AE4777546}
		{84938FBD-DDB7-48C6-8E5C-AA066295A47E} = {0E7C2635-1291-4F66-917E-8C1AE4777546}
		{0B4EF742-1B65-49DA-9D6B-A677F39B2FF9} = {079CB369-F6BB-41DF-9267-07C7F8248DAB}
		{F9713AA9-2CEB-4A07-B3D4-DDC3AD1EEFF8} = {079CB369-F6BB-41DF-9267-07C7F8248DAB}
		{0B7AD2B3-DCAC-4971-B920-43F3CFA7B599} = {079CB369-F6BB-41DF-9267-07C7F8248DAB}
		{5323A05B-3635-4908-9F5E-00806FAB5477} = {079CB369-F6BB-41DF-9267-07C7F8248DAB}
		{1075E64F-74FE-4757-869D-9C44AECBDA89} = {FBAB0F9A-2132-4B7B-BDCE-8B872B5E4987}
		{595B7387-ECE7-4E01-89A4-BD20906E5EBE} = {FBAB0F9A-2132-4B7B-BDCE-8B872B5E4987}
		{1207F291-953B-429C-B702-D6E922994D74} = {E08E084D-4721-479A-8F0C-1E4C7885205B}
		{46E058A4-E161-43C4-A398-A8AAF40F3C57} = {E08E084D-4721-479A-8F0C-1E4C7885205B}
		{64606111-5EA9-411C-A4B6-4C13B9BFB938} = {43C2E9FE-B9FB-45F7-9B92-C6BA1F7D19AA}
		{6B3F0F56-CBC3-4A4C-A6CB-9AA847100D5C} = {E08E084D-4721-479A-8F0C-1E4C7885205B}
		{19B983CA-CB62-460E-8183-0CFCB583A01B} = {E08E084D-4721-479A-8F0C-1E4C7885205B}
		{8F4F4683-4FCA-427E-8F74-694364F99CC9} = {E08E084D-4721-479A-8F0C-1E4C7885205B}
		{43C188B1-BEF1-4199-AF99-0783A6A1C611} = {E08E084D-4721-479A-8F0C-1E4C7885205B}
		{5CCF7080-98E5-472E-A1FD-EE94FBEA0753} = {E08E084D-4721-479A-8F0C-1E4C7885205B}
		{E5C2A37A-1BC4-40F7-8C0E-0F48C3E80203} = {E08E084D-4721-479A-8F0C-1E4C7885205B}
		{96509DEC-8775-4C63-8718-2FE731409590} = {92B267C7-B723-44C9-8132-FF42823BAFDE}
		{66E6AE1F-1B58-4472-91FB-937D1431F812} = {E08E084D-4721-479A-8F0C-1E4C7885205B}
		{2B288065-CD2E-49E0-9A05-87BA3BA54FE2} = {1207F291-953B-429C-B702-D6E922994D74}
		{6EDA2EDD-9AF5-42FA-B3A6-05E0FA5959B6} = {66E6AE1F-1B58-4472-91FB-937D1431F812}
		{8CDD7258-FBDA-46E4-B780-8B630EFD168B} = {46E058A4-E161-43C4-A398-A8AAF40F3C57}
		{A126B447-76B6-4F23-8D58-E1E63C5D4894} = {3009918A-1C5C-4951-BD23-4003CBF6FFBD}
		{B45BD105-F2C7-4E4D-A858-8DA5B37C1B8E} = {3009918A-1C5C-4951-BD23-4003CBF6FFBD}
		{A919C521-5FB3-4801-AF2B-CBD3BBBD686E} = {3009918A-1C5C-4951-BD23-4003CBF6FFBD}
		{4E99123C-19D8-4E04-9272-993449E52F42} = {3009918A-1C5C-4951-BD23-4003CBF6FFBD}
	EndGlobalSection
	GlobalSection(ExtensibilityGlobals) = postSolution
		SolutionGuid = {226EA56F-3CBA-4977-B998-C39C15D318A2}
	EndGlobalSection
EndGlobal
